# THIS IS AN AUTOGENERATED FILE. DO NOT EDIT THIS FILE DIRECTLY.
# yarn lockfile v1


array-for-each-x@^1.2.0:
  version "1.2.0"
  resolved "https://registry.yarnpkg.com/array-for-each-x/-/array-for-each-x-1.2.0.tgz#ed01c05081d4963c36a86d8e5ccf604d31dd3ac8"
  dependencies:
    array-some-x "^1.3.0"
    assert-is-function-x "^1.5.0"
    to-object-x "^1.4.0"

array-includes@^3.0.3:
  version "3.0.3"
  resolved "https://registry.yarnpkg.com/array-includes/-/array-includes-3.0.3.tgz#184b48f62d92d7452bb31b323165c7f8bd02266d"
  dependencies:
    define-properties "^1.1.2"
    es-abstract "^1.7.0"

array-some-x@^1.3.0:
  version "1.3.0"
  resolved "https://registry.yarnpkg.com/array-some-x/-/array-some-x-1.3.0.tgz#7e7e6f780213d3e7d2aac1903acd63abb73eae5b"
  dependencies:
    assert-is-function-x "^1.5.0"
    has-boxed-string-x "^1.0.0"
    is-string "^1.0.4"
    to-length-x "^1.4.0"
    to-object-x "^1.4.0"
    validate.io-undefined "^1.0.3"

assert-is-function-x@^1.5.0:
  version "1.5.0"
  resolved "https://registry.yarnpkg.com/assert-is-function-x/-/assert-is-function-x-1.5.0.tgz#70e0579c4513105c08f8fdf94f63b335ac4583d5"
  dependencies:
    is-function-x "^3.1.0"
    is-primitive "^2.0.0"
    safe-to-string-x "^1.5.0"

define-properties@^1.1.1, define-properties@^1.1.2:
  version "1.1.2"
  resolved "https://registry.yarnpkg.com/define-properties/-/define-properties-1.1.2.tgz#83a73f2fea569898fb737193c8f873caf6d45c94"
  dependencies:
    foreach "^2.0.5"
    object-keys "^1.0.8"

es-abstract@^1.7.0:
  version "1.8.1"
  resolved "https://registry.yarnpkg.com/es-abstract/-/es-abstract-1.8.1.tgz#fd85a3bdfa67786ce7be7e1584678e119cd70c04"
  dependencies:
    es-to-primitive "^1.1.1"
    function-bind "^1.1.1"
    has "^1.0.1"
    is-callable "^1.1.3"
    is-regex "^1.0.4"

es-to-primitive@^1.1.1:
  version "1.1.1"
  resolved "https://registry.yarnpkg.com/es-to-primitive/-/es-to-primitive-1.1.1.tgz#45355248a88979034b6792e19bb81f2b7975dd0d"
  dependencies:
    is-callable "^1.1.1"
    is-date-object "^1.0.1"
    is-symbol "^1.0.1"

foreach@^2.0.5:
  version "2.0.5"
  resolved "https://registry.yarnpkg.com/foreach/-/foreach-2.0.5.tgz#0bee005018aeb260d0a3af3ae658dd0136ec1b99"

function-bind@^1.0.2, function-bind@^1.1.1:
  version "1.1.1"
  resolved "https://registry.yarnpkg.com/function-bind/-/function-bind-1.1.1.tgz#a56899d3ea3c9bab874bb9773b7c5ede92f4895d"

has-boxed-string-x@^1.0.0:
  version "1.0.1"
  resolved "https://registry.yarnpkg.com/has-boxed-string-x/-/has-boxed-string-x-1.0.1.tgz#a27fa1fee5f5e75340e8f428298be8f5e4ca755d"

has-own-property-x@^3.0.0:
  version "3.1.1"
  resolved "https://registry.yarnpkg.com/has-own-property-x/-/has-own-property-x-3.1.1.tgz#2156a8c7cb583b674afd051547ed30726396035f"
  dependencies:
    to-object-x "^1.4.1"
    to-property-key-x "^2.0.1"

has-symbol-support-x@^1.4.0, has-symbol-support-x@^1.4.1:
  version "1.4.1"
  resolved "https://registry.yarnpkg.com/has-symbol-support-x/-/has-symbol-support-x-1.4.1.tgz#66ec2e377e0c7d7ccedb07a3a84d77510ff1bc4c"

has-to-string-tag-x@^1.4.1:
  version "1.4.1"
  resolved "https://registry.yarnpkg.com/has-to-string-tag-x/-/has-to-string-tag-x-1.4.1.tgz#a045ab383d7b4b2012a00148ab0aa5f290044d4d"
  dependencies:
    has-symbol-support-x "^1.4.1"

has@^1.0.1:
  version "1.0.1"
  resolved "https://registry.yarnpkg.com/has/-/has-1.0.1.tgz#8461733f538b0837c9361e39a9ab9e9704dc2f28"
  dependencies:
    function-bind "^1.0.2"

is-arguments@^1.0.2:
  version "1.0.2"
  resolved "https://registry.yarnpkg.com/is-arguments/-/is-arguments-1.0.2.tgz#07e30ad79531844179b642d2d8399435182c8727"

is-array-like-x@^1.5.0:
  version "1.5.1"
  resolved "https://registry.yarnpkg.com/is-array-like-x/-/is-array-like-x-1.5.1.tgz#e605062ad3d52925344b62b02e0de3aa67dfd4af"
  dependencies:
    is-function-x "^3.1.1"
    is-nil-x "^1.4.1"
    lodash.islength "^4.0.1"

is-callable@^1.1.1, is-callable@^1.1.3:
  version "1.1.3"
  resolved "https://registry.yarnpkg.com/is-callable/-/is-callable-1.1.3.tgz#86eb75392805ddc33af71c92a0eedf74ee7604b2"

is-date-object@^1.0.1:
  version "1.0.1"
  resolved "https://registry.yarnpkg.com/is-date-object/-/is-date-object-1.0.1.tgz#9aa20eb6aeebbff77fbd33e74ca01b33581d3a16"

is-finite-x@^1.3.0:
  version "1.3.0"
  resolved "https://registry.yarnpkg.com/is-finite-x/-/is-finite-x-1.3.0.tgz#7623ab3124ce07f54c8c206593b0a9f9818f3a22"
  dependencies:
    is-nan "^1.2.1"
    max-safe-integer "^1.0.1"

is-function-x@^3.1.0, is-function-x@^3.1.1:
  version "3.1.1"
  resolved "https://registry.yarnpkg.com/is-function-x/-/is-function-x-3.1.1.tgz#36bb31e04b50e16c1d05a8376d003bfc9e27424b"
  dependencies:
    has-to-string-tag-x "^1.4.1"
    is-primitive "^2.0.0"
    normalize-space-x "^1.3.3"
    replace-comments-x "^1.0.3"
    to-string-tag-x "^1.4.1"

is-nan@^1.2.1:
  version "1.2.1"
  resolved "https://registry.yarnpkg.com/is-nan/-/is-nan-1.2.1.tgz#9faf65b6fb6db24b7f5c0628475ea71f988401e2"
  dependencies:
    define-properties "^1.1.1"

is-nil-x@^1.4.1:
  version "1.4.1"
  resolved "https://registry.yarnpkg.com/is-nil-x/-/is-nil-x-1.4.1.tgz#bd9e7b08b4cd732f9dcbde13d93291bb2ec2e248"
  dependencies:
    lodash.isnull "^3.0.0"
    validate.io-undefined "^1.0.3"

is-primitive@^2.0.0:
  version "2.0.0"
  resolved "https://registry.yarnpkg.com/is-primitive/-/is-primitive-2.0.0.tgz#207bab91638499c07b2adf240a41a87210034575"

is-regex@^1.0.4:
  version "1.0.4"
  resolved "https://registry.yarnpkg.com/is-regex/-/is-regex-1.0.4.tgz#5517489b547091b0930e095654ced25ee97e9491"
  dependencies:
    has "^1.0.1"

is-string@^1.0.4:
  version "1.0.4"
  resolved "https://registry.yarnpkg.com/is-string/-/is-string-1.0.4.tgz#cc3a9b69857d621e963725a24caeec873b826e64"

is-symbol@^1.0.1:
  version "1.0.1"
  resolved "https://registry.yarnpkg.com/is-symbol/-/is-symbol-1.0.1.tgz#3cc59f00025194b6ab2e38dbae6689256b660572"

lodash.islength@^4.0.1:
  version "4.0.1"
  resolved "https://registry.yarnpkg.com/lodash.islength/-/lodash.islength-4.0.1.tgz#4e9868d452575d750affd358c979543dc20ed577"

lodash.isnull@^3.0.0:
  version "3.0.0"
  resolved "https://registry.yarnpkg.com/lodash.isnull/-/lodash.isnull-3.0.0.tgz#fafbe59ea1dca27eed786534039dd84c2e07c56e"

math-sign-x@^1.3.0:
  version "1.3.0"
  resolved "https://registry.yarnpkg.com/math-sign-x/-/math-sign-x-1.3.0.tgz#1d9142e20a51da5d41fbf66b91e5879d185d6596"
  dependencies:
    is-nan "^1.2.1"

max-safe-integer@^1.0.1:
  version "1.0.1"
  resolved "https://registry.yarnpkg.com/max-safe-integer/-/max-safe-integer-1.0.1.tgz#f38060be2c563d8c02e6d48af39122fd83b6f410"

normalize-space-x@^1.3.3:
  version "1.3.3"
  resolved "https://registry.yarnpkg.com/normalize-space-x/-/normalize-space-x-1.3.3.tgz#8bdad9df8b79d5844219d7bd0daae010ea6c200c"
  dependencies:
    trim-x "^1.0.3"
    white-space-x "^2.0.3"

object-define-properties-x@^2.0.4:
  version "2.0.4"
  resolved "https://registry.yarnpkg.com/object-define-properties-x/-/object-define-properties-x-2.0.4.tgz#c6479045863490ac9dcb43e9bce32a3164a3d787"
  dependencies:
    array-for-each-x "^1.2.0"
    object-define-property-x "^2.0.0"
    object-keys-x "^1.3.0"

object-define-property-x@^2.0.0:
  version "2.1.1"
  resolved "https://registry.yarnpkg.com/object-define-property-x/-/object-define-property-x-2.1.1.tgz#cd748da3f612a0661547058ed3f809ff59692430"
  dependencies:
    has-own-property-x "^3.0.0"
    is-primitive "^2.0.0"

object-keys-x@^1.3.0:
  version "1.3.0"
  resolved "https://registry.yarnpkg.com/object-keys-x/-/object-keys-x-1.3.0.tgz#198b204266fecc593648047dd26ba8f9c76ad2ec"
  dependencies:
    is-arguments "^1.0.2"
    object-keys "^1.0.11"
    to-object-x "^1.4.0"

object-keys@^1.0.11, object-keys@^1.0.8:
  version "1.0.11"
  resolved "https://registry.yarnpkg.com/object-keys/-/object-keys-1.0.11.tgz#c54601778ad560f1142ce0e01bcca8b56d13426d"

object-traverse@^1.1.1:
  version "1.1.1"
  resolved "https://registry.yarnpkg.com/object-traverse/-/object-traverse-1.1.1.tgz#6e6088492cc376b200561fa2cb3be43e4b55b254"

object-walk-x@^1.5.0:
  version "1.5.0"
  resolved "https://registry.yarnpkg.com/object-walk-x/-/object-walk-x-1.5.0.tgz#4f54e94ca70dc26e52742328de0c19129886c827"
  dependencies:
    array-some-x "^1.3.0"
    is-array-like-x "^1.5.0"
    is-function-x "^3.1.0"
    is-primitive "^2.0.0"
    object-define-properties-x "^2.0.4"

replace-comments-x@^1.0.3:
  version "1.0.3"
  resolved "https://registry.yarnpkg.com/replace-comments-x/-/replace-comments-x-1.0.3.tgz#5f8edaf94556de0b51fc764f4e96556f9046fc5c"
  dependencies:
    is-string "^1.0.4"

require-object-coercible-x@^1.4.1:
  version "1.4.1"
  resolved "https://registry.yarnpkg.com/require-object-coercible-x/-/require-object-coercible-x-1.4.1.tgz#75b9fb5bda2d15cf705a5714f108e8b40ca3eb2e"
  dependencies:
    is-nil-x "^1.4.1"

safe-to-string-x@^1.5.0:
  version "1.5.0"
  resolved "https://registry.yarnpkg.com/safe-to-string-x/-/safe-to-string-x-1.5.0.tgz#3fb95835be0c77217b42f2cb7bd471c2b3e3b1c7"
  dependencies:
    has-symbol-support-x "^1.4.0"
    is-symbol "^1.0.1"

to-integer-x@^1.4.0:
  version "1.4.0"
  resolved "https://registry.yarnpkg.com/to-integer-x/-/to-integer-x-1.4.0.tgz#c9f78c9de7f6404e42ced5e0c5c079ac1b41a1d3"
  dependencies:
    is-finite-x "^1.3.0"
    is-nan "^1.2.1"
    math-sign-x "^1.3.0"

to-length-x@^1.4.0:
  version "1.4.0"
  resolved "https://registry.yarnpkg.com/to-length-x/-/to-length-x-1.4.0.tgz#78193c6927ae55bf372a67660a6529c9f411f2d4"
  dependencies:
    max-safe-integer "^1.0.1"
    to-integer-x "^1.4.0"

to-object-x@^1.4.0, to-object-x@^1.4.1:
  version "1.4.1"
  resolved "https://registry.yarnpkg.com/to-object-x/-/to-object-x-1.4.1.tgz#f3d0ad47ecd59aeb4eedfae7918de5885685e0e6"
  dependencies:
    require-object-coercible-x "^1.4.1"

to-primitive-x@^1.0.1:
  version "1.0.1"
  resolved "https://registry.yarnpkg.com/to-primitive-x/-/to-primitive-x-1.0.1.tgz#9618eb6e909288017bd370c1f33c490094cf63c0"
  dependencies:
    has-symbol-support-x "^1.4.1"
    is-date-object "^1.0.1"
    is-function-x "^3.1.1"
    is-nil-x "^1.4.1"
    is-primitive "^2.0.0"
    is-symbol "^1.0.1"
    require-object-coercible-x "^1.4.1"
    validate.io-undefined "^1.0.3"

to-property-key-x@^2.0.1:
  version "2.0.1"
  resolved "https://registry.yarnpkg.com/to-property-key-x/-/to-property-key-x-2.0.1.tgz#2a9657d3e90f86c9304ac09025df5c8c8251e3f5"
  dependencies:
    has-symbol-support-x "^1.4.1"
    to-primitive-x "^1.0.1"
    to-string-x "^1.4.1"

to-string-tag-x@^1.4.1:
  version "1.4.1"
  resolved "https://registry.yarnpkg.com/to-string-tag-x/-/to-string-tag-x-1.4.1.tgz#c59a8d389e1d3180a2342f86b83c0cce3264f34e"
  dependencies:
    lodash.isnull "^3.0.0"
    validate.io-undefined "^1.0.3"

to-string-x@^1.4.1:
  version "1.4.1"
  resolved "https://registry.yarnpkg.com/to-string-x/-/to-string-x-1.4.1.tgz#fd4a07708be58709c8127d595681176cb2a4de3c"
  dependencies:
    is-symbol "^1.0.1"

trim-left-x@^1.3.5:
  version "1.3.5"
  resolved "https://registry.yarnpkg.com/trim-left-x/-/trim-left-x-1.3.5.tgz#8ec17d8cb1772a76f5e7cdee03637be11e8d5bff"
  dependencies:
    to-string-x "^1.4.1"
    white-space-x "^2.0.3"

trim-right-x@^1.3.3:
  version "1.3.3"
  resolved "https://registry.yarnpkg.com/trim-right-x/-/trim-right-x-1.3.3.tgz#affa619e9e777a5ef89c3e5edb0423199c18db98"
  dependencies:
    to-string-x "^1.4.1"
    white-space-x "^2.0.3"

trim-x@^1.0.3:
  version "1.0.3"
  resolved "https://registry.yarnpkg.com/trim-x/-/trim-x-1.0.3.tgz#b213d816f6b4abd2833cbe9829fd50e94345ca42"
  dependencies:
    trim-left-x "^1.3.5"
    trim-right-x "^1.3.3"

validate.io-undefined@^1.0.3:
  version "1.0.3"
  resolved "https://registry.yarnpkg.com/validate.io-undefined/-/validate.io-undefined-1.0.3.tgz#7e27fcbb315b841e78243431897671929e20b7f4"

white-space-x@^2.0.3:
  version "2.0.3"
  resolved "https://registry.yarnpkg.com/white-space-x/-/white-space-x-2.0.3.tgz#d8af2a54e2e16f78abe5ff1811d5e9d4190c60d6"
